
Microsoft Visual Studio Solution File, Format Version 12.00
# Visual Studio 15
VisualStudioVersion = 15.0.28307.329
MinimumVisualStudioVersion = 10.0.40219.1
Project("{FAE04EC0-301F-11D3-BF4B-00C04F79EFBC}") = "ControllerTest", "ControllerTest\ControllerTest.csproj", "{16F37E09-1CBA-44B6-AC6E-205B6BBF7FEB}"
EndProject
Project("{FAE04EC0-301F-11D3-BF4B-00C04F79EFBC}") = "CostumeRecorder", "CostumeRecorder\CostumeRecorder.csproj", "{4F1F2A2E-0AC5-4C90-8802-357C7B1B3CEB}"
EndProject
Project("{FAE04EC0-301F-11D3-BF4B-00C04F79EFBC}") = "RobotTest", "RobotTest\RobotTest.csproj", "{710481AE-26B3-4615-B511-DD37C57B7582}"
EndProject
Project("{FAE04EC0-301F-11D3-BF4B-00C04F79EFBC}") = "SAR.Control", "SAR.Control\SAR.Control.csproj", "{32CAEE04-F000-4E15-808B-4AEE01FCBEE3}"
EndProject
Project("{2150E333-8FDC-42A3-9474-1A3956D46DE8}") = "Utility", "Utility", "{5BF40AC8-463D-49DC-9B9F-5A460B9081CB}"
EndProject
Project("{FAE04EC0-301F-11D3-BF4B-00C04F79EFBC}") = "ENRegionConverter", "ENRegionConverter\ENRegionConverter.csproj", "{B7066413-4A79-47DC-B3C7-2EDB2F308623}"
EndProject
Project("{FAE04EC0-301F-11D3-BF4B-00C04F79EFBC}") = "SARSimulatorControl", "SARSimulatorControl\SARSimulatorControl.csproj", "{6C262A8D-0DBB-4E3A-B3F1-01A010A455A8}"
EndProject
Global
	GlobalSection(SolutionConfigurationPlatforms) = preSolution
		Debug|Any CPU = Debug|Any CPU
		Release|Any CPU = Release|Any CPU
	EndGlobalSection
	GlobalSection(ProjectConfigurationPlatforms) = postSolution
		{16F37E09-1CBA-44B6-AC6E-205B6BBF7FEB}.Debug|Any CPU.ActiveCfg = Debug|Any CPU
		{16F37E09-1CBA-44B6-AC6E-205B6BBF7FEB}.Debug|Any CPU.Build.0 = Debug|Any CPU
		{16F37E09-1CBA-44B6-AC6E-205B6BBF7FEB}.Release|Any CPU.ActiveCfg = Release|Any CPU
		{16F37E09-1CBA-44B6-AC6E-205B6BBF7FEB}.Release|Any CPU.Build.0 = Release|Any CPU
		{4F1F2A2E-0AC5-4C90-8802-357C7B1B3CEB}.Debug|Any CPU.ActiveCfg = Debug|Any CPU
		{4F1F2A2E-0AC5-4C90-8802-357C7B1B3CEB}.Debug|Any CPU.Build.0 = Debug|Any CPU
		{4F1F2A2E-0AC5-4C90-8802-357C7B1B3CEB}.Release|Any CPU.ActiveCfg = Release|Any CPU
		{4F1F2A2E-0AC5-4C90-8802-357C7B1B3CEB}.Release|Any CPU.Build.0 = Release|Any CPU
		{710481AE-26B3-4615-B511-DD37C57B7582}.Debug|Any CPU.ActiveCfg = Debug|Any CPU
		{710481AE-26B3-4615-B511-DD37C57B7582}.Debug|Any CPU.Build.0 = Debug|Any CPU
		{710481AE-26B3-4615-B511-DD37C57B7582}.Release|Any CPU.ActiveCfg = Release|Any CPU
		{710481AE-26B3-4615-B511-DD37C57B7582}.Release|Any CPU.Build.0 = Release|Any CPU
		{32CAEE04-F000-4E15-808B-4AEE01FCBEE3}.Debug|Any CPU.ActiveCfg = Debug|Any CPU
		{32CAEE04-F000-4E15-808B-4AEE01FCBEE3}.Debug|Any CPU.Build.0 = Debug|Any CPU
		{32CAEE04-F000-4E15-808B-4AEE01FCBEE3}.Release|Any CPU.ActiveCfg = Release|Any CPU
		{32CAEE04-F000-4E15-808B-4AEE01FCBEE3}.Release|Any CPU.Build.0 = Release|Any CPU
		{B7066413-4A79-47DC-B3C7-2EDB2F308623}.Debug|Any CPU.ActiveCfg = Debug|Any CPU
		{B7066413-4A79-47DC-B3C7-2EDB2F308623}.Debug|Any CPU.Build.0 = Debug|Any CPU
		{B7066413-4A79-47DC-B3C7-2EDB2F308623}.Release|Any CPU.ActiveCfg = Release|Any CPU
		{B7066413-4A79-47DC-B3C7-2EDB2F308623}.Release|Any CPU.Build.0 = Release|Any CPU
		{6C262A8D-0DBB-4E3A-B3F1-01A010A455A8}.Debug|Any CPU.ActiveCfg = Debug|Any CPU
		{6C262A8D-0DBB-4E3A-B3F1-01A010A455A8}.Debug|Any CPU.Build.0 = Debug|Any CPU
		{6C262A8D-0DBB-4E3A-B3F1-01A010A455A8}.Release|Any CPU.ActiveCfg = Release|Any CPU
		{6C262A8D-0DBB-4E3A-B3F1-01A010A455A8}.Release|Any CPU.Build.0 = Release|Any CPU
	EndGlobalSection
	GlobalSection(SolutionProperties) = preSolution
		HideSolutionNode = FALSE
	EndGlobalSection
	GlobalSection(NestedProjects) = preSolution
		{B7066413-4A79-47DC-B3C7-2EDB2F308623} = {5BF40AC8-463D-49DC-9B9F-5A460B9081CB}
	EndGlobalSection
	GlobalSection(ExtensibilityGlobals) = postSolution
		SolutionGuid = {1A363254-6C86-465C-8569-2DA5E0F42C2A}
	EndGlobalSection
EndGlobal
